
Microsoft Visual Studio Solution File, Format Version 12.00
# Visual Studio Version 17
VisualStudioVersion = 17.10.35013.160
MinimumVisualStudioVersion = 10.0.40219.1
Project("{FAE04EC0-301F-11D3-BF4B-00C04F79EFBC}") = "CalculadoraIMC_LGLA.Android", "CalculadoraIMC_LGLA\CalculadoraIMC_LGLA.Android\CalculadoraIMC_LGLA.Android.csproj", "{33DA6F50-C50A-4A28-B2E0-3A589EE452B0}"
EndProject
Project("{FAE04EC0-301F-11D3-BF4B-00C04F79EFBC}") = "CalculadoraIMC_LGLA.iOS", "CalculadoraIMC_LGLA\CalculadoraIMC_LGLA.iOS\CalculadoraIMC_LGLA.iOS.csproj", "{8B667AEB-E29C-4881-8786-F2152E0F1F06}"
EndProject
Project("{FAE04EC0-301F-11D3-BF4B-00C04F79EFBC}") = "CalculadoraIMC_LGLA", "CalculadoraIMC_LGLA\CalculadoraIMC_LGLA\CalculadoraIMC_LGLA.csproj", "{B286C918-9EE5-40BE-B1D8-9A7A8512B5C9}"
EndProject
Global
	GlobalSection(SolutionConfigurationPlatforms) = preSolution
		Debug|Any CPU = Debug|Any CPU
		Debug|iPhone = Debug|iPhone
		Debug|iPhoneSimulator = Debug|iPhoneSimulator
		Release|Any CPU = Release|Any CPU
		Release|iPhone = Release|iPhone
		Release|iPhoneSimulator = Release|iPhoneSimulator
	EndGlobalSection
	GlobalSection(ProjectConfigurationPlatforms) = postSolution
		{33DA6F50-C50A-4A28-B2E0-3A589EE452B0}.Debug|Any CPU.ActiveCfg = Debug|Any CPU
		{33DA6F50-C50A-4A28-B2E0-3A589EE452B0}.Debug|Any CPU.Build.0 = Debug|Any CPU
		{33DA6F50-C50A-4A28-B2E0-3A589EE452B0}.Debug|Any CPU.Deploy.0 = Debug|Any CPU
		{33DA6F50-C50A-4A28-B2E0-3A589EE452B0}.Debug|iPhone.ActiveCfg = Debug|Any CPU
		{33DA6F50-C50A-4A28-B2E0-3A589EE452B0}.Debug|iPhone.Build.0 = Debug|Any CPU
		{33DA6F50-C50A-4A28-B2E0-3A589EE452B0}.Debug|iPhone.Deploy.0 = Debug|Any CPU
		{33DA6F50-C50A-4A28-B2E0-3A589EE452B0}.Debug|iPhoneSimulator.ActiveCfg = Debug|Any CPU
		{33DA6F50-C50A-4A28-B2E0-3A589EE452B0}.Debug|iPhoneSimulator.Build.0 = Debug|Any CPU
		{33DA6F50-C50A-4A28-B2E0-3A589EE452B0}.Debug|iPhoneSimulator.Deploy.0 = Debug|Any CPU
		{33DA6F50-C50A-4A28-B2E0-3A589EE452B0}.Release|Any CPU.ActiveCfg = Release|Any CPU
		{33DA6F50-C50A-4A28-B2E0-3A589EE452B0}.Release|Any CPU.Build.0 = Release|Any CPU
		{33DA6F50-C50A-4A28-B2E0-3A589EE452B0}.Release|Any CPU.Deploy.0 = Release|Any CPU
		{33DA6F50-C50A-4A28-B2E0-3A589EE452B0}.Release|iPhone.ActiveCfg = Release|Any CPU
		{33DA6F50-C50A-4A28-B2E0-3A589EE452B0}.Release|iPhone.Build.0 = Release|Any CPU
		{33DA6F50-C50A-4A28-B2E0-3A589EE452B0}.Release|iPhone.Deploy.0 = Release|Any CPU
		{33DA6F50-C50A-4A28-B2E0-3A589EE452B0}.Release|iPhoneSimulator.ActiveCfg = Release|Any CPU
		{33DA6F50-C50A-4A28-B2E0-3A589EE452B0}.Release|iPhoneSimulator.Build.0 = Release|Any CPU
		{33DA6F50-C50A-4A28-B2E0-3A589EE452B0}.Release|iPhoneSimulator.Deploy.0 = Release|Any CPU
		{8B667AEB-E29C-4881-8786-F2152E0F1F06}.Debug|Any CPU.ActiveCfg = Debug|iPhone
		{8B667AEB-E29C-4881-8786-F2152E0F1F06}.Debug|Any CPU.Build.0 = Debug|iPhone
		{8B667AEB-E29C-4881-8786-F2152E0F1F06}.Debug|Any CPU.Deploy.0 = Debug|iPhone
		{8B667AEB-E29C-4881-8786-F2152E0F1F06}.Debug|iPhone.ActiveCfg = Debug|iPhone
		{8B667AEB-E29C-4881-8786-F2152E0F1F06}.Debug|iPhone.Build.0 = Debug|iPhone
		{8B667AEB-E29C-4881-8786-F2152E0F1F06}.Debug|iPhone.Deploy.0 = Debug|iPhone
		{8B667AEB-E29C-4881-8786-F2152E0F1F06}.Debug|iPhoneSimulator.ActiveCfg = Debug|iPhoneSimulator
		{8B667AEB-E29C-4881-8786-F2152E0F1F06}.Debug|iPhoneSimulator.Build.0 = Debug|iPhoneSimulator
		{8B667AEB-E29C-4881-8786-F2152E0F1F06}.Debug|iPhoneSimulator.Deploy.0 = Debug|iPhoneSimulator
		{8B667AEB-E29C-4881-8786-F2152E0F1F06}.Release|Any CPU.ActiveCfg = Release|iPhoneSimulator
		{8B667AEB-E29C-4881-8786-F2152E0F1F06}.Release|Any CPU.Build.0 = Release|iPhoneSimulator
		{8B667AEB-E29C-4881-8786-F2152E0F1F06}.Release|Any CPU.Deploy.0 = Release|iPhoneSimulator
		{8B667AEB-E29C-4881-8786-F2152E0F1F06}.Release|iPhone.ActiveCfg = Release|iPhone
		{8B667AEB-E29C-4881-8786-F2152E0F1F06}.Release|iPhone.Build.0 = Release|iPhone
		{8B667AEB-E29C-4881-8786-F2152E0F1F06}.Release|iPhone.Deploy.0 = Release|iPhone
		{8B667AEB-E29C-4881-8786-F2152E0F1F06}.Release|iPhoneSimulator.ActiveCfg = Release|iPhoneSimulator
		{8B667AEB-E29C-4881-8786-F2152E0F1F06}.Release|iPhoneSimulator.Build.0 = Release|iPhoneSimulator
		{8B667AEB-E29C-4881-8786-F2152E0F1F06}.Release|iPhoneSimulator.Deploy.0 = Release|iPhoneSimulator
		{B286C918-9EE5-40BE-B1D8-9A7A8512B5C9}.Debug|Any CPU.ActiveCfg = Debug|Any CPU
		{B286C918-9EE5-40BE-B1D8-9A7A8512B5C9}.Debug|Any CPU.Build.0 = Debug|Any CPU
		{B286C918-9EE5-40BE-B1D8-9A7A8512B5C9}.Debug|Any CPU.Deploy.0 = Debug|Any CPU
		{B286C918-9EE5-40BE-B1D8-9A7A8512B5C9}.Debug|iPhone.ActiveCfg = Debug|Any CPU
		{B286C918-9EE5-40BE-B1D8-9A7A8512B5C9}.Debug|iPhone.Build.0 = Debug|Any CPU
		{B286C918-9EE5-40BE-B1D8-9A7A8512B5C9}.Debug|iPhone.Deploy.0 = Debug|Any CPU
		{B286C918-9EE5-40BE-B1D8-9A7A8512B5C9}.Debug|iPhoneSimulator.ActiveCfg = Debug|Any CPU
		{B286C918-9EE5-40BE-B1D8-9A7A8512B5C9}.Debug|iPhoneSimulator.Build.0 = Debug|Any CPU
		{B286C918-9EE5-40BE-B1D8-9A7A8512B5C9}.Debug|iPhoneSimulator.Deploy.0 = Debug|Any CPU
		{B286C918-9EE5-40BE-B1D8-9A7A8512B5C9}.Release|Any CPU.ActiveCfg = Release|Any CPU
		{B286C918-9EE5-40BE-B1D8-9A7A8512B5C9}.Release|Any CPU.Build.0 = Release|Any CPU
		{B286C918-9EE5-40BE-B1D8-9A7A8512B5C9}.Release|Any CPU.Deploy.0 = Release|Any CPU
		{B286C918-9EE5-40BE-B1D8-9A7A8512B5C9}.Release|iPhone.ActiveCfg = Release|Any CPU
		{B286C918-9EE5-40BE-B1D8-9A7A8512B5C9}.Release|iPhone.Build.0 = Release|Any CPU
		{B286C918-9EE5-40BE-B1D8-9A7A8512B5C9}.Release|iPhone.Deploy.0 = Release|Any CPU
		{B286C918-9EE5-40BE-B1D8-9A7A8512B5C9}.Release|iPhoneSimulator.ActiveCfg = Release|Any CPU
		{B286C918-9EE5-40BE-B1D8-9A7A8512B5C9}.Release|iPhoneSimulator.Build.0 = Release|Any CPU
		{B286C918-9EE5-40BE-B1D8-9A7A8512B5C9}.Release|iPhoneSimulator.Deploy.0 = Release|Any CPU
	EndGlobalSection
	GlobalSection(SolutionProperties) = preSolution
		HideSolutionNode = FALSE
	EndGlobalSection
	GlobalSection(ExtensibilityGlobals) = postSolution
		SolutionGuid = {DCB1E0E0-E9E5-4A70-81D4-77B4622824F0}
	EndGlobalSection
EndGlobal
